// !$*UTF8*$!
{
	archiveVersion = 1;
	classes = {
	};
	objectVersion = 55;
	objects = {

/* Begin PBXBuildFile section */
		15AA9B2F27F5160700BEF71A /* DailyWeather.swift in Sources */ = {isa = PBXBuildFile; fileRef = 15AA9B2E27F5160700BEF71A /* DailyWeather.swift */; };
		15D0B14E27F30D12009943B3 /* WeatherAppApp.swift in Sources */ = {isa = PBXBuildFile; fileRef = 15D0B14D27F30D12009943B3 /* WeatherAppApp.swift */; };
		15D0B15027F30D12009943B3 /* ContentView.swift in Sources */ = {isa = PBXBuildFile; fileRef = 15D0B14F27F30D12009943B3 /* ContentView.swift */; };
		15D0B15227F30D13009943B3 /* Assets.xcassets in Resources */ = {isa = PBXBuildFile; fileRef = 15D0B15127F30D13009943B3 /* Assets.xcassets */; };
		15D0B15527F30D13009943B3 /* Preview Assets.xcassets in Resources */ = {isa = PBXBuildFile; fileRef = 15D0B15427F30D13009943B3 /* Preview Assets.xcassets */; };
		15D0B15C27F30D44009943B3 /* WelcomeView.swift in Sources */ = {isa = PBXBuildFile; fileRef = 15D0B15B27F30D44009943B3 /* WelcomeView.swift */; };
		15D0B15F27F310A9009943B3 /* LocationManager.swift in Sources */ = {isa = PBXBuildFile; fileRef = 15D0B15E27F310A8009943B3 /* LocationManager.swift */; };
		15D0B16227F48F05009943B3 /* WeatherView.swift in Sources */ = {isa = PBXBuildFile; fileRef = 15D0B16127F48F05009943B3 /* WeatherView.swift */; };
		15D0B16927F496F1009943B3 /* ModelData.swift in Sources */ = {isa = PBXBuildFile; fileRef = 15D0B16827F496F1009943B3 /* ModelData.swift */; };
		15D0B16B27F49723009943B3 /* modelWeather.json in Resources */ = {isa = PBXBuildFile; fileRef = 15D0B16A27F49723009943B3 /* modelWeather.json */; };
		15D0B16D27F49BD7009943B3 /* WeatherManager.swift in Sources */ = {isa = PBXBuildFile; fileRef = 15D0B16C27F49BD7009943B3 /* WeatherManager.swift */; };
		15D0B16F27F4ACDD009943B3 /* WeatherRow.swift in Sources */ = {isa = PBXBuildFile; fileRef = 15D0B16E27F4ACDD009943B3 /* WeatherRow.swift */; };
		15D745CA27F5239F006E49B8 /* RefreshButton.swift in Sources */ = {isa = PBXBuildFile; fileRef = 15D745C927F5239F006E49B8 /* RefreshButton.swift */; };
		15D745CC27F899EC006E49B8 /* WeatherInfo.swift in Sources */ = {isa = PBXBuildFile; fileRef = 15D745CB27F899EC006E49B8 /* WeatherInfo.swift */; };
		15D745CE27F89FB0006E49B8 /* Response.swift in Sources */ = {isa = PBXBuildFile; fileRef = 15D745CD27F89FB0006E49B8 /* Response.swift */; };
		15D745D027F8FDED006E49B8 /* HourlyWeather.swift in Sources */ = {isa = PBXBuildFile; fileRef = 15D745CF27F8FDED006E49B8 /* HourlyWeather.swift */; };
		15D745D227F8FF09006E49B8 /* WeatherPicker.swift in Sources */ = {isa = PBXBuildFile; fileRef = 15D745D127F8FF09006E49B8 /* WeatherPicker.swift */; };
/* End PBXBuildFile section */

/* Begin PBXFileReference section */
		15AA9B2E27F5160700BEF71A /* DailyWeather.swift */ = {isa = PBXFileReference; lastKnownFileType = sourcecode.swift; path = DailyWeather.swift; sourceTree = "<group>"; };
		15D0B14A27F30D12009943B3 /* WeatherApp.app */ = {isa = PBXFileReference; explicitFileType = wrapper.application; includeInIndex = 0; path = WeatherApp.app; sourceTree = BUILT_PRODUCTS_DIR; };
		15D0B14D27F30D12009943B3 /* WeatherAppApp.swift */ = {isa = PBXFileReference; lastKnownFileType = sourcecode.swift; path = WeatherAppApp.swift; sourceTree = "<group>"; };
		15D0B14F27F30D12009943B3 /* ContentView.swift */ = {isa = PBXFileReference; lastKnownFileType = sourcecode.swift; path = ContentView.swift; sourceTree = "<group>"; };
		15D0B15127F30D13009943B3 /* Assets.xcassets */ = {isa = PBXFileReference; lastKnownFileType = folder.assetcatalog; path = Assets.xcassets; sourceTree = "<group>"; };
		15D0B15427F30D13009943B3 /* Preview Assets.xcassets */ = {isa = PBXFileReference; lastKnownFileType = folder.assetcatalog; path = "Preview Assets.xcassets"; sourceTree = "<group>"; };
		15D0B15B27F30D44009943B3 /* WelcomeView.swift */ = {isa = PBXFileReference; lastKnownFileType = sourcecode.swift; path = WelcomeView.swift; sourceTree = "<group>"; };
		15D0B15E27F310A8009943B3 /* LocationManager.swift */ = {isa = PBXFileReference; lastKnownFileType = sourcecode.swift; path = LocationManager.swift; sourceTree = "<group>"; };
		15D0B16127F48F05009943B3 /* WeatherView.swift */ = {isa = PBXFileReference; lastKnownFileType = sourcecode.swift; path = WeatherView.swift; sourceTree = "<group>"; };
		15D0B16827F496F1009943B3 /* ModelData.swift */ = {isa = PBXFileReference; lastKnownFileType = sourcecode.swift; path = ModelData.swift; sourceTree = "<group>"; };
		15D0B16A27F49723009943B3 /* modelWeather.json */ = {isa = PBXFileReference; lastKnownFileType = text.json; path = modelWeather.json; sourceTree = "<group>"; };
		15D0B16C27F49BD7009943B3 /* WeatherManager.swift */ = {isa = PBXFileReference; lastKnownFileType = sourcecode.swift; name = WeatherManager.swift; path = ../Views/WeatherManager.swift; sourceTree = "<group>"; };
		15D0B16E27F4ACDD009943B3 /* WeatherRow.swift */ = {isa = PBXFileReference; lastKnownFileType = sourcecode.swift; path = WeatherRow.swift; sourceTree = "<group>"; };
		15D745C927F5239F006E49B8 /* RefreshButton.swift */ = {isa = PBXFileReference; lastKnownFileType = sourcecode.swift; path = RefreshButton.swift; sourceTree = "<group>"; };
		15D745CB27F899EC006E49B8 /* WeatherInfo.swift */ = {isa = PBXFileReference; lastKnownFileType = sourcecode.swift; path = WeatherInfo.swift; sourceTree = "<group>"; };
		15D745CD27F89FB0006E49B8 /* Response.swift */ = {isa = PBXFileReference; lastKnownFileType = sourcecode.swift; path = Response.swift; sourceTree = "<group>"; };
		15D745CF27F8FDED006E49B8 /* HourlyWeather.swift */ = {isa = PBXFileReference; lastKnownFileType = sourcecode.swift; path = HourlyWeather.swift; sourceTree = "<group>"; };
		15D745D127F8FF09006E49B8 /* WeatherPicker.swift */ = {isa = PBXFileReference; lastKnownFileType = sourcecode.swift; path = WeatherPicker.swift; sourceTree = "<group>"; };
/* End PBXFileReference section */

/* Begin PBXFrameworksBuildPhase section */
		15D0B14727F30D12009943B3 /* Frameworks */ = {
			isa = PBXFrameworksBuildPhase;
			buildActionMask = 2147483647;
			files = (
			);
			runOnlyForDeploymentPostprocessing = 0;
		};
/* End PBXFrameworksBuildPhase section */

/* Begin PBXGroup section */
		15D0B14127F30D12009943B3 = {
			isa = PBXGroup;
			children = (
				15D0B14C27F30D12009943B3 /* WeatherApp */,
				15D0B14B27F30D12009943B3 /* Products */,
			);
			sourceTree = "<group>";
		};
		15D0B14B27F30D12009943B3 /* Products */ = {
			isa = PBXGroup;
			children = (
				15D0B14A27F30D12009943B3 /* WeatherApp.app */,
			);
			name = Products;
			sourceTree = "<group>";
		};
		15D0B14C27F30D12009943B3 /* WeatherApp */ = {
			isa = PBXGroup;
			children = (
				15D0B14D27F30D12009943B3 /* WeatherAppApp.swift */,
				15D0B16027F315EE009943B3 /* Managers */,
				15D0B15D27F3107E009943B3 /* Views */,
				15D0B16327F48F6E009943B3 /* Model */,
				15D0B15127F30D13009943B3 /* Assets.xcassets */,
				15D0B15327F30D13009943B3 /* Preview Content */,
			);
			path = WeatherApp;
			sourceTree = "<group>";
		};
		15D0B15327F30D13009943B3 /* Preview Content */ = {
			isa = PBXGroup;
			children = (
				15D0B15427F30D13009943B3 /* Preview Assets.xcassets */,
				15D0B16827F496F1009943B3 /* ModelData.swift */,
				15D0B16A27F49723009943B3 /* modelWeather.json */,
			);
			path = "Preview Content";
			sourceTree = "<group>";
		};
		15D0B15D27F3107E009943B3 /* Views */ = {
			isa = PBXGroup;
			children = (
				15D0B14F27F30D12009943B3 /* ContentView.swift */,
				15D0B15B27F30D44009943B3 /* WelcomeView.swift */,
				15D0B17027F4ACE1009943B3 /* Weather */,
				15D745C827F52389006E49B8 /* Helpers */,
			);
			path = Views;
			sourceTree = "<group>";
		};
		15D0B16027F315EE009943B3 /* Managers */ = {
			isa = PBXGroup;
			children = (
				15D0B15E27F310A8009943B3 /* LocationManager.swift */,
				15D0B16C27F49BD7009943B3 /* WeatherManager.swift */,
			);
			path = Managers;
			sourceTree = "<group>";
		};
		15D0B16327F48F6E009943B3 /* Model */ = {
			isa = PBXGroup;
			children = (
				15D745CD27F89FB0006E49B8 /* Response.swift */,
			);
			path = Model;
			sourceTree = "<group>";
		};
		15D0B17027F4ACE1009943B3 /* Weather */ = {
			isa = PBXGroup;
			children = (
				15D0B16127F48F05009943B3 /* WeatherView.swift */,
				15D0B16E27F4ACDD009943B3 /* WeatherRow.swift */,
				15D745CB27F899EC006E49B8 /* WeatherInfo.swift */,
				15AA9B2E27F5160700BEF71A /* DailyWeather.swift */,
				15D745CF27F8FDED006E49B8 /* HourlyWeather.swift */,
			);
			path = Weather;
			sourceTree = "<group>";
		};
		15D745C827F52389006E49B8 /* Helpers */ = {
			isa = PBXGroup;
			children = (
				15D745C927F5239F006E49B8 /* RefreshButton.swift */,
				15D745D127F8FF09006E49B8 /* WeatherPicker.swift */,
			);
			path = Helpers;
			sourceTree = "<group>";
		};
/* End PBXGroup section */

/* Begin PBXNativeTarget section */
		15D0B14927F30D12009943B3 /* WeatherApp */ = {
			isa = PBXNativeTarget;
			buildConfigurationList = 15D0B15827F30D13009943B3 /* Build configuration list for PBXNativeTarget "WeatherApp" */;
			buildPhases = (
				15D0B14627F30D12009943B3 /* Sources */,
				15D0B14727F30D12009943B3 /* Frameworks */,
				15D0B14827F30D12009943B3 /* Resources */,
			);
			buildRules = (
			);
			dependencies = (
			);
			name = WeatherApp;
			productName = WeatherApp;
			productReference = 15D0B14A27F30D12009943B3 /* WeatherApp.app */;
			productType = "com.apple.product-type.application";
		};
/* End PBXNativeTarget section */

/* Begin PBXProject section */
		15D0B14227F30D12009943B3 /* Project object */ = {
			isa = PBXProject;
			attributes = {
				BuildIndependentTargetsInParallel = 1;
				LastSwiftUpdateCheck = 1330;
				LastUpgradeCheck = 1330;
				TargetAttributes = {
					15D0B14927F30D12009943B3 = {
						CreatedOnToolsVersion = 13.3;
					};
				};
			};
			buildConfigurationList = 15D0B14527F30D12009943B3 /* Build configuration list for PBXProject "WeatherApp" */;
			compatibilityVersion = "Xcode 13.0";
			developmentRegion = en;
			hasScannedForEncodings = 0;
			knownRegions = (
				en,
				Base,
			);
			mainGroup = 15D0B14127F30D12009943B3;
			productRefGroup = 15D0B14B27F30D12009943B3 /* Products */;
			projectDirPath = "";
			projectRoot = "";
			targets = (
				15D0B14927F30D12009943B3 /* WeatherApp */,
			);
		};
/* End PBXProject section */

/* Begin PBXResourcesBuildPhase section */
		15D0B14827F30D12009943B3 /* Resources */ = {
			isa = PBXResourcesBuildPhase;
			buildActionMask = 2147483647;
			files = (
				15D0B16B27F49723009943B3 /* modelWeather.json in Resources */,
				15D0B15527F30D13009943B3 /* Preview Assets.xcassets in Resources */,
				15D0B15227F30D13009943B3 /* Assets.xcassets in Resources */,
			);
			runOnlyForDeploymentPostprocessing = 0;
		};
/* End PBXResourcesBuildPhase section */

/* Begin PBXSourcesBuildPhase section */
		15D0B14627F30D12009943B3 /* Sources */ = {
			isa = PBXSourcesBuildPhase;
			buildActionMask = 2147483647;
			files = (
				15AA9B2F27F5160700BEF71A /* DailyWeather.swift in Sources */,
				15D0B16227F48F05009943B3 /* WeatherView.swift in Sources */,
				15D0B15F27F310A9009943B3 /* LocationManager.swift in Sources */,
				15D745CA27F5239F006E49B8 /* RefreshButton.swift in Sources */,
				15D0B15027F30D12009943B3 /* ContentView.swift in Sources */,
				15D0B16F27F4ACDD009943B3 /* WeatherRow.swift in Sources */,
				15D745CE27F89FB0006E49B8 /* Response.swift in Sources */,
				15D0B15C27F30D44009943B3 /* WelcomeView.swift in Sources */,
				15D745D027F8FDED006E49B8 /* HourlyWeather.swift in Sources */,
				15D0B16927F496F1009943B3 /* ModelData.swift in Sources */,
				15D745CC27F899EC006E49B8 /* WeatherInfo.swift in Sources */,
				15D0B16D27F49BD7009943B3 /* WeatherManager.swift in Sources */,
				15D745D227F8FF09006E49B8 /* WeatherPicker.swift in Sources */,
				15D0B14E27F30D12009943B3 /* WeatherAppApp.swift in Sources */,
			);
			runOnlyForDeploymentPostprocessing = 0;
		};
/* End PBXSourcesBuildPhase section */

/* Begin XCBuildConfiguration section */
		15D0B15627F30D13009943B3 /* Debug */ = {
			isa = XCBuildConfiguration;
			buildSettings = {
				ALWAYS_SEARCH_USER_PATHS = NO;
				CLANG_ANALYZER_NONNULL = YES;
				CLANG_ANALYZER_NUMBER_OBJECT_CONVERSION = YES_AGGRESSIVE;
				CLANG_CXX_LANGUAGE_STANDARD = "gnu++17";
				CLANG_ENABLE_MODULES = YES;
				CLANG_ENABLE_OBJC_ARC = YES;
				CLANG_ENABLE_OBJC_WEAK = YES;
				CLANG_WARN_BLOCK_CAPTURE_AUTORELEASING = YES;
				CLANG_WARN_BOOL_CONVERSION = YES;
				CLANG_WARN_COMMA = YES;
				CLANG_WARN_CONSTANT_CONVERSION = YES;
				CLANG_WARN_DEPRECATED_OBJC_IMPLEMENTATIONS = YES;
				CLANG_WARN_DIRECT_OBJC_ISA_USAGE = YES_ERROR;
				CLANG_WARN_DOCUMENTATION_COMMENTS = YES;
				CLANG_WARN_EMPTY_BODY = YES;
				CLANG_WARN_ENUM_CONVERSION = YES;
				CLANG_WARN_INFINITE_RECURSION = YES;
				CLANG_WARN_INT_CONVERSION = YES;
				CLANG_WARN_NON_LITERAL_NULL_CONVERSION = YES;
				CLANG_WARN_OBJC_IMPLICIT_RETAIN_SELF = YES;
				CLANG_WARN_OBJC_LITERAL_CONVERSION = YES;
				CLANG_WARN_OBJC_ROOT_CLASS = YES_ERROR;
				CLANG_WARN_QUOTED_INCLUDE_IN_FRAMEWORK_HEADER = YES;
				CLANG_WARN_RANGE_LOOP_ANALYSIS = YES;
				CLANG_WARN_STRICT_PROTOTYPES = YES;
				CLANG_WARN_SUSPICIOUS_MOVE = YES;
				CLANG_WARN_UNGUARDED_AVAILABILITY = YES_AGGRESSIVE;
				CLANG_WARN_UNREACHABLE_CODE = YES;
				CLANG_WARN__DUPLICATE_METHOD_MATCH = YES;
				COPY_PHASE_STRIP = NO;
				DEBUG_INFORMATION_FORMAT = dwarf;
				ENABLE_STRICT_OBJC_MSGSEND = YES;
				ENABLE_TESTABILITY = YES;
				GCC_C_LANGUAGE_STANDARD = gnu11;
				GCC_DYNAMIC_NO_PIC = NO;
				GCC_NO_COMMON_BLOCKS = YES;
				GCC_OPTIMIZATION_LEVEL = 0;
				GCC_PREPROCESSOR_DEFINITIONS = (
					"DEBUG=1",
					"$(inherited)",
				);
				GCC_WARN_64_TO_32_BIT_CONVERSION = YES;
				GCC_WARN_ABOUT_RETURN_TYPE = YES_ERROR;
				GCC_WARN_UNDECLARED_SELECTOR = YES;
				GCC_WARN_UNINITIALIZED_AUTOS = YES_AGGRESSIVE;
				GCC_WARN_UNUSED_FUNCTION = YES;
				GCC_WARN_UNUSED_VARIABLE = YES;
				IPHONEOS_DEPLOYMENT_TARGET = 15.4;
				MTL_ENABLE_DEBUG_INFO = INCLUDE_SOURCE;
				MTL_FAST_MATH = YES;
				ONLY_ACTIVE_ARCH = YES;
				SDKROOT = iphoneos;
				SWIFT_ACTIVE_COMPILATION_CONDITIONS = DEBUG;
				SWIFT_OPTIMIZATION_LEVEL = "-Onone";
			};
			name = Debug;
		};
		15D0B15727F30D13009943B3 /* Release */ = {
			isa = XCBuildConfiguration;
			buildSettings = {
				ALWAYS_SEARCH_USER_PATHS = NO;
				CLANG_ANALYZER_NONNULL = YES;
				CLANG_ANALYZER_NUMBER_OBJECT_CONVERSION = YES_AGGRESSIVE;
				CLANG_CXX_LANGUAGE_STANDARD = "gnu++17";
				CLANG_ENABLE_MODULES = YES;
				CLANG_ENABLE_OBJC_ARC = YES;
				CLANG_ENABLE_OBJC_WEAK = YES;
				CLANG_WARN_BLOCK_CAPTURE_AUTORELEASING = YES;
				CLANG_WARN_BOOL_CONVERSION = YES;
				CLANG_WARN_COMMA = YES;
				CLANG_WARN_CONSTANT_CONVERSION = YES;
				CLANG_WARN_DEPRECATED_OBJC_IMPLEMENTATIONS = YES;
				CLANG_WARN_DIRECT_OBJC_ISA_USAGE = YES_ERROR;
				CLANG_WARN_DOCUMENTATION_COMMENTS = YES;
				CLANG_WARN_EMPTY_BODY = YES;
				CLANG_WARN_ENUM_CONVERSION = YES;
				CLANG_WARN_INFINITE_RECURSION = YES;
				CLANG_WARN_INT_CONVERSION = YES;
				CLANG_WARN_NON_LITERAL_NULL_CONVERSION = YES;
				CLANG_WARN_OBJC_IMPLICIT_RETAIN_SELF = YES;
				CLANG_WARN_OBJC_LITERAL_CONVERSION = YES;
				CLANG_WARN_OBJC_ROOT_CLASS = YES_ERROR;
				CLANG_WARN_QUOTED_INCLUDE_IN_FRAMEWORK_HEADER = YES;
				CLANG_WARN_RANGE_LOOP_ANALYSIS = YES;
				CLANG_WARN_STRICT_PROTOTYPES = YES;
				CLANG_WARN_SUSPICIOUS_MOVE = YES;
				CLANG_WARN_UNGUARDED_AVAILABILITY = YES_AGGRESSIVE;
				CLANG_WARN_UNREACHABLE_CODE = YES;
				CLANG_WARN__DUPLICATE_METHOD_MATCH = YES;
				COPY_PHASE_STRIP = NO;
				DEBUG_INFORMATION_FORMAT = "dwarf-with-dsym";
				ENABLE_NS_ASSERTIONS = NO;
				ENABLE_STRICT_OBJC_MSGSEND = YES;
				GCC_C_LANGUAGE_STANDARD = gnu11;
				GCC_NO_COMMON_BLOCKS = YES;
				GCC_WARN_64_TO_32_BIT_CONVERSION = YES;
				GCC_WARN_ABOUT_RETURN_TYPE = YES_ERROR;
				GCC_WARN_UNDECLARED_SELECTOR = YES;
				GCC_WARN_UNINITIALIZED_AUTOS = YES_AGGRESSIVE;
				GCC_WARN_UNUSED_FUNCTION = YES;
				GCC_WARN_UNUSED_VARIABLE = YES;
				IPHONEOS_DEPLOYMENT_TARGET = 15.4;
				MTL_ENABLE_DEBUG_INFO = NO;
				MTL_FAST_MATH = YES;
				SDKROOT = iphoneos;
				SWIFT_COMPILATION_MODE = wholemodule;
				SWIFT_OPTIMIZATION_LEVEL = "-O";
				VALIDATE_PRODUCT = YES;
			};
			name = Release;
		};
		15D0B15927F30D13009943B3 /* Debug */ = {
			isa = XCBuildConfiguration;
			buildSettings = {
				ASSETCATALOG_COMPILER_APPICON_NAME = AppIcon;
				ASSETCATALOG_COMPILER_GLOBAL_ACCENT_COLOR_NAME = AccentColor;
				CODE_SIGN_STYLE = Automatic;
				CURRENT_PROJECT_VERSION = 1;
				DEVELOPMENT_ASSET_PATHS = "\"WeatherApp/Preview Content\"";
				DEVELOPMENT_TEAM = 6H545JDNRG;
				ENABLE_PREVIEWS = YES;
				GENERATE_INFOPLIST_FILE = YES;
				INFOPLIST_KEY_NSLocationWhenInUseUsageDescription = "Please share your location to receive weather data.";
				INFOPLIST_KEY_UIApplicationSceneManifest_Generation = YES;
				INFOPLIST_KEY_UIApplicationSupportsIndirectInputEvents = YES;
				INFOPLIST_KEY_UILaunchScreen_Generation = YES;
				INFOPLIST_KEY_UISupportedInterfaceOrientations_iPad = "UIInterfaceOrientationPortrait UIInterfaceOrientationPortraitUpsideDown UIInterfaceOrientationLandscapeLeft UIInterfaceOrientationLandscapeRight";
				INFOPLIST_KEY_UISupportedInterfaceOrientations_iPhone = "UIInterfaceOrientationPortrait UIInterfaceOrientationLandscapeLeft UIInterfaceOrientationLandscapeRight";
				LD_RUNPATH_SEARCH_PATHS = (
					"$(inherited)",
					"@executable_path/Frameworks",
				);
				MARKETING_VERSION = 1.0;
				PRODUCT_BUNDLE_IDENTIFIER = com.alpsu.WeatherApp;
				PRODUCT_NAME = "$(TARGET_NAME)";
				SWIFT_EMIT_LOC_STRINGS = YES;
				SWIFT_VERSION = 5.0;
				TARGETED_DEVICE_FAMILY = "1,2";
			};
			name = Debug;
		};
		15D0B15A27F30D13009943B3 /* Release */ = {
			isa = XCBuildConfiguration;
			buildSettings = {
				ASSETCATALOG_COMPILER_APPICON_NAME = AppIcon;
				ASSETCATALOG_COMPILER_GLOBAL_ACCENT_COLOR_NAME = AccentColor;
				CODE_SIGN_STYLE = Automatic;
				CURRENT_PROJECT_VERSION = 1;
				DEVELOPMENT_ASSET_PATHS = "\"WeatherApp/Preview Content\"";
				DEVELOPMENT_TEAM = 6H545JDNRG;
				ENABLE_PREVIEWS = YES;
				GENERATE_INFOPLIST_FILE = YES;
				INFOPLIST_KEY_NSLocationWhenInUseUsageDescription = "Please share your location to receive weather data.";
				INFOPLIST_KEY_UIApplicationSceneManifest_Generation = YES;
				INFOPLIST_KEY_UIApplicationSupportsIndirectInputEvents = YES;
				INFOPLIST_KEY_UILaunchScreen_Generation = YES;
				INFOPLIST_KEY_UISupportedInterfaceOrientations_iPad = "UIInterfaceOrientationPortrait UIInterfaceOrientationPortraitUpsideDown UIInterfaceOrientationLandscapeLeft UIInterfaceOrientationLandscapeRight";
				INFOPLIST_KEY_UISupportedInterfaceOrientations_iPhone = "UIInterfaceOrientationPortrait UIInterfaceOrientationLandscapeLeft UIInterfaceOrientationLandscapeRight";
				LD_RUNPATH_SEARCH_PATHS = (
					"$(inherited)",
					"@executable_path/Frameworks",
				);
				MARKETING_VERSION = 1.0;
				PRODUCT_BUNDLE_IDENTIFIER = com.alpsu.WeatherApp;
				PRODUCT_NAME = "$(TARGET_NAME)";
				SWIFT_EMIT_LOC_STRINGS = YES;
				SWIFT_VERSION = 5.0;
				TARGETED_DEVICE_FAMILY = "1,2";
			};
			name = Release;
		};
/* End XCBuildConfiguration section */

/* Begin XCConfigurationList section */
		15D0B14527F30D12009943B3 /* Build configuration list for PBXProject "WeatherApp" */ = {
			isa = XCConfigurationList;
			buildConfigurations = (
				15D0B15627F30D13009943B3 /* Debug */,
				15D0B15727F30D13009943B3 /* Release */,
			);
			defaultConfigurationIsVisible = 0;
			defaultConfigurationName = Release;
		};
		15D0B15827F30D13009943B3 /* Build configuration list for PBXNativeTarget "WeatherApp" */ = {
			isa = XCConfigurationList;
			buildConfigurations = (
				15D0B15927F30D13009943B3 /* Debug */,
				15D0B15A27F30D13009943B3 /* Release */,
			);
			defaultConfigurationIsVisible = 0;
			defaultConfigurationName = Release;
		};
/* End XCConfigurationList section */
	};
	rootObject = 15D0B14227F30D12009943B3 /* Project object */;
}
